<?xml version="1.0" encoding="utf-8"?>
<Project ToolsVersion="4.0" xmlns="http://schemas.microsoft.com/developer/msbuild/2003">
  <ItemGroup>
    <Filter Include="File di origine">
      <UniqueIdentifier>{4FC737F1-C7A5-4376-A066-2A32D752A2FF}</UniqueIdentifier>
      <Extensions>cpp;c;cc;cxx;def;odl;idl;hpj;bat;asm;asmx</Extensions>
    </Filter>
    <Filter Include="File di intestazione">
      <UniqueIdentifier>{93995380-89BD-4b04-88EB-625FBE52EBFB}</UniqueIdentifier>
      <Extensions>h;hh;hpp;hxx;hm;inl;inc;ipp;xsd</Extensions>
    </Filter>
    <Filter Include="File di risorse">
      <UniqueIdentifier>{67DA6AB6-F800-4c08-8B7A-83BB121AAD01}</UniqueIdentifier>
      <Extensions>rc;ico;cur;bmp;dlg;rc2;rct;bin;rgs;gif;jpg;jpeg;jpe;resx;tiff;tif;png;wav;mfcribbon-ms</Extensions>
    </Filter>
  </ItemGroup>
  <ItemGroup>
    <ClCompile Include="src\cameraclass.cpp">
      <Filter>File di origine</Filter>
    </ClCompile>
    <ClCompile Include="src\d3dclass.cpp">
      <Filter>File di origine</Filter>
    </ClCompile>
    <ClCompile Include="src\graphicsclass.cpp">
      <Filter>File di origine</Filter>
    </ClCompile>
    <ClCompile Include="src\inputclass.cpp">
      <Filter>File di origine</Filter>
    </ClCompile>
    <ClCompile Include="src\main.cpp">
      <Filter>File di origine</Filter>
    </ClCompile>
    <ClCompile Include="src\modelclass.cpp">
      <Filter>File di origine</Filter>
    </ClCompile>
    <ClCompile Include="src\systemclass.cpp">
      <Filter>File di origine</Filter>
    </ClCompile>
    <ClCompile Include="src\textureclass.cpp">
      <Filter>File di origine</Filter>
    </ClCompile>
    <ClCompile Include="src\textureshaderclass.cpp">
      <Filter>File di origine</Filter>
    </ClCompile>
    <ClCompile Include="src\config.cpp">
      <Filter>File di origine</Filter>
    </ClCompile>
    <ClCompile Include="src\lightclass.cpp">
      <Filter>File di origine</Filter>
    </ClCompile>
    <ClCompile Include="src\lightshaderclass.cpp">
      <Filter>File di origine</Filter>
    </ClCompile>
    <ClCompile Include="src\fpsclass.cpp">
      <Filter>File di origine</Filter>
    </ClCompile>
    <ClCompile Include="src\timerclass.cpp">
      <Filter>File di origine</Filter>
    </ClCompile>
    <ClCompile Include="src\zoneclass.cpp">
      <Filter>File di origine</Filter>
    </ClCompile>
    <ClCompile Include="src\positionclass.cpp">
      <Filter>File di origine</Filter>
    </ClCompile>
    <ClCompile Include="src\shadermanagerclass.cpp">
      <Filter>File di origine</Filter>
    </ClCompile>
    <ClCompile Include="src\terrainclass.cpp">
      <Filter>File di origine</Filter>
    </ClCompile>
    <ClCompile Include="src\userinterfaceclass.cpp">
      <Filter>File di origine</Filter>
    </ClCompile>
    <ClCompile Include="src\fontclass.cpp">
      <Filter>File di origine</Filter>
    </ClCompile>
    <ClCompile Include="src\textclass.cpp">
      <Filter>File di origine</Filter>
    </ClCompile>
    <ClCompile Include="src\fontshaderclass.cpp">
      <Filter>File di origine</Filter>
    </ClCompile>
    <ClCompile Include="src\colorshaderclass.cpp">
      <Filter>File di origine</Filter>
    </ClCompile>
    <ClCompile Include="src\applicationclass.cpp">
      <Filter>File di origine</Filter>
    </ClCompile>
    <ClCompile Include="src\texturemanagerclass.cpp">
      <Filter>File di origine</Filter>
    </ClCompile>
    <ClCompile Include="src\skydomeclass.cpp">
      <Filter>File di origine</Filter>
    </ClCompile>
    <ClCompile Include="src\skydomeshaderclass.cpp">
      <Filter>File di origine</Filter>
    </ClCompile>
    <ClCompile Include="src\terraincellclass.cpp">
      <Filter>File di origine</Filter>
    </ClCompile>
    <ClCompile Include="src\terrainshaderclass.cpp">
      <Filter>File di origine</Filter>
    </ClCompile>
    <ClCompile Include="src\frustumclass.cpp">
      <Filter>File di origine</Filter>
    </ClCompile>
    <ClCompile Include="src\bitmapclass.cpp">
      <Filter>File di origine</Filter>
    </ClCompile>
    <ClCompile Include="src\animatedmodelclass.cpp">
      <Filter>File di origine</Filter>
    </ClCompile>
    <ClCompile Include="src\animatedmodelshaderclass.cpp">
      <Filter>File di origine</Filter>
    </ClCompile>
  </ItemGroup>
  <ItemGroup>
    <ClInclude Include="src\cameraclass.h">
      <Filter>File di intestazione</Filter>
    </ClInclude>
    <ClInclude Include="src\d3dclass.h">
      <Filter>File di intestazione</Filter>
    </ClInclude>
    <ClInclude Include="src\graphicsclass.h">
      <Filter>File di intestazione</Filter>
    </ClInclude>
    <ClInclude Include="src\inputclass.h">
      <Filter>File di intestazione</Filter>
    </ClInclude>
    <ClInclude Include="src\modelclass.h">
      <Filter>File di intestazione</Filter>
    </ClInclude>
    <ClInclude Include="src\systemclass.h">
      <Filter>File di intestazione</Filter>
    </ClInclude>
    <ClInclude Include="src\textureclass.h">
      <Filter>File di intestazione</Filter>
    </ClInclude>
    <ClInclude Include="src\textureshaderclass.h">
      <Filter>File di intestazione</Filter>
    </ClInclude>
    <ClInclude Include="src\config.h">
      <Filter>File di intestazione</Filter>
    </ClInclude>
    <ClInclude Include="src\lightclass.h">
      <Filter>File di intestazione</Filter>
    </ClInclude>
    <ClInclude Include="src\lightshaderclass.h">
      <Filter>File di intestazione</Filter>
    </ClInclude>
    <ClInclude Include="src\fpsclass.h">
      <Filter>File di intestazione</Filter>
    </ClInclude>
    <ClInclude Include="src\timerclass.h">
      <Filter>File di intestazione</Filter>
    </ClInclude>
    <ClInclude Include="src\zoneclass.h">
      <Filter>File di intestazione</Filter>
    </ClInclude>
    <ClInclude Include="src\positionclass.h">
      <Filter>File di intestazione</Filter>
    </ClInclude>
    <ClInclude Include="src\shadermanagerclass.h">
      <Filter>File di intestazione</Filter>
    </ClInclude>
    <ClInclude Include="src\terrainclass.h">
      <Filter>File di intestazione</Filter>
    </ClInclude>
    <ClInclude Include="src\userinterfaceclass.h">
      <Filter>File di intestazione</Filter>
    </ClInclude>
    <ClInclude Include="src\fontclass.h">
      <Filter>File di intestazione</Filter>
    </ClInclude>
    <ClInclude Include="src\textclass.h">
      <Filter>File di intestazione</Filter>
    </ClInclude>
    <ClInclude Include="src\applicationclass.h">
      <Filter>File di intestazione</Filter>
    </ClInclude>
    <ClInclude Include="src\colorshaderclass.h">
      <Filter>File di intestazione</Filter>
    </ClInclude>
    <ClInclude Include="src\fontshaderclass.h">
      <Filter>File di intestazione</Filter>
    </ClInclude>
    <ClInclude Include="src\texturemanagerclass.h">
      <Filter>File di intestazione</Filter>
    </ClInclude>
    <ClInclude Include="src\skydomeclass.h">
      <Filter>File di intestazione</Filter>
    </ClInclude>
    <ClInclude Include="src\skydomeshaderclass.h">
      <Filter>File di intestazione</Filter>
    </ClInclude>
    <ClInclude Include="src\terraincellclass.h">
      <Filter>File di intestazione</Filter>
    </ClInclude>
    <ClInclude Include="src\terrainshaderclass.h">
      <Filter>File di intestazione</Filter>
    </ClInclude>
    <ClInclude Include="src\frustumclass.h">
      <Filter>File di intestazione</Filter>
    </ClInclude>
    <ClInclude Include="src\bitmapclass.h">
      <Filter>File di intestazione</Filter>
    </ClInclude>
    <ClInclude Include="src\animatedmodelclass.h">
      <Filter>File di intestazione</Filter>
    </ClInclude>
    <ClInclude Include="src\animatedmodelshaderclass.h">
      <Filter>File di intestazione</Filter>
    </ClInclude>
  </ItemGroup>
</Project>